// !$*UTF8*$!
{
	archiveVersion = 1;
	classes = {
	};
	objectVersion = 56;
	objects = {

/* Begin PBXBuildFile section */
		50A66A8D2986C4F1000CFA27 /* Biometric_Login_Templat_1App.swift in Sources */ = {isa = PBXBuildFile; fileRef = 50A66A8C2986C4F1000CFA27 /* Biometric_Login_Templat_1App.swift */; };
		50A66A8F2986C4F1000CFA27 /* ContentView.swift in Sources */ = {isa = PBXBuildFile; fileRef = 50A66A8E2986C4F1000CFA27 /* ContentView.swift */; };
		50A66A912986C4F2000CFA27 /* Assets.xcassets in Resources */ = {isa = PBXBuildFile; fileRef = 50A66A902986C4F2000CFA27 /* Assets.xcassets */; };
		50A66A942986C4F2000CFA27 /* Preview Assets.xcassets in Resources */ = {isa = PBXBuildFile; fileRef = 50A66A932986C4F2000CFA27 /* Preview Assets.xcassets */; };
		50A66A9E2986C4F2000CFA27 /* Biometric_Login_Templat_1Tests.swift in Sources */ = {isa = PBXBuildFile; fileRef = 50A66A9D2986C4F2000CFA27 /* Biometric_Login_Templat_1Tests.swift */; };
		50A66AA82986C4F2000CFA27 /* Biometric_Login_Templat_1UITests.swift in Sources */ = {isa = PBXBuildFile; fileRef = 50A66AA72986C4F2000CFA27 /* Biometric_Login_Templat_1UITests.swift */; };
		50A66AAA2986C4F2000CFA27 /* Biometric_Login_Templat_1UITestsLaunchTests.swift in Sources */ = {isa = PBXBuildFile; fileRef = 50A66AA92986C4F2000CFA27 /* Biometric_Login_Templat_1UITestsLaunchTests.swift */; };
		50A66ABB2986C60A000CFA27 /* LoginViewModel.swift in Sources */ = {isa = PBXBuildFile; fileRef = 50A66ABA2986C60A000CFA27 /* LoginViewModel.swift */; };
		50A66ABD2986C627000CFA27 /* Credentials.swift in Sources */ = {isa = PBXBuildFile; fileRef = 50A66ABC2986C627000CFA27 /* Credentials.swift */; };
		50A66ABF2986C660000CFA27 /* LoginView.swift in Sources */ = {isa = PBXBuildFile; fileRef = 50A66ABE2986C660000CFA27 /* LoginView.swift */; };
		50A66AC12986C686000CFA27 /* Authentication.swift in Sources */ = {isa = PBXBuildFile; fileRef = 50A66AC02986C686000CFA27 /* Authentication.swift */; };
		50A66AC32986C6A7000CFA27 /* APIService.swift in Sources */ = {isa = PBXBuildFile; fileRef = 50A66AC22986C6A7000CFA27 /* APIService.swift */; };
		50A66AC52986C6CD000CFA27 /* UIApplication+Extension.swift in Sources */ = {isa = PBXBuildFile; fileRef = 50A66AC42986C6CD000CFA27 /* UIApplication+Extension.swift */; };
		50A66AC72986C6F1000CFA27 /* KeychainStorage.swift in Sources */ = {isa = PBXBuildFile; fileRef = 50A66AC62986C6F1000CFA27 /* KeychainStorage.swift */; };
		50A66ACE2986C7B2000CFA27 /* SwiftKeychainWrapper in Frameworks */ = {isa = PBXBuildFile; productRef = 50A66ACD2986C7B2000CFA27 /* SwiftKeychainWrapper */; };
/* End PBXBuildFile section */

/* Begin PBXContainerItemProxy section */
		50A66A9A2986C4F2000CFA27 /* PBXContainerItemProxy */ = {
			isa = PBXContainerItemProxy;
			containerPortal = 50A66A812986C4F1000CFA27 /* Project object */;
			proxyType = 1;
			remoteGlobalIDString = 50A66A882986C4F1000CFA27;
			remoteInfo = "Biometric Login Templat 1";
		};
		50A66AA42986C4F2000CFA27 /* PBXContainerItemProxy */ = {
			isa = PBXContainerItemProxy;
			containerPortal = 50A66A812986C4F1000CFA27 /* Project object */;
			proxyType = 1;
			remoteGlobalIDString = 50A66A882986C4F1000CFA27;
			remoteInfo = "Biometric Login Templat 1";
		};
/* End PBXContainerItemProxy section */

/* Begin PBXFileReference section */
		50A66A892986C4F1000CFA27 /* Biometric Login Templat 1.app */ = {isa = PBXFileReference; explicitFileType = wrapper.application; includeInIndex = 0; path = "Biometric Login Templat 1.app"; sourceTree = BUILT_PRODUCTS_DIR; };
		50A66A8C2986C4F1000CFA27 /* Biometric_Login_Templat_1App.swift */ = {isa = PBXFileReference; lastKnownFileType = sourcecode.swift; path = Biometric_Login_Templat_1App.swift; sourceTree = "<group>"; };
		50A66A8E2986C4F1000CFA27 /* ContentView.swift */ = {isa = PBXFileReference; lastKnownFileType = sourcecode.swift; path = ContentView.swift; sourceTree = "<group>"; };
		50A66A902986C4F2000CFA27 /* Assets.xcassets */ = {isa = PBXFileReference; lastKnownFileType = folder.assetcatalog; path = Assets.xcassets; sourceTree = "<group>"; };
		50A66A932986C4F2000CFA27 /* Preview Assets.xcassets */ = {isa = PBXFileReference; lastKnownFileType = folder.assetcatalog; path = "Preview Assets.xcassets"; sourceTree = "<group>"; };
		50A66A992986C4F2000CFA27 /* Biometric Login Templat 1Tests.xctest */ = {isa = PBXFileReference; explicitFileType = wrapper.cfbundle; includeInIndex = 0; path = "Biometric Login Templat 1Tests.xctest"; sourceTree = BUILT_PRODUCTS_DIR; };
		50A66A9D2986C4F2000CFA27 /* Biometric_Login_Templat_1Tests.swift */ = {isa = PBXFileReference; lastKnownFileType = sourcecode.swift; path = Biometric_Login_Templat_1Tests.swift; sourceTree = "<group>"; };
		50A66AA32986C4F2000CFA27 /* Biometric Login Templat 1UITests.xctest */ = {isa = PBXFileReference; explicitFileType = wrapper.cfbundle; includeInIndex = 0; path = "Biometric Login Templat 1UITests.xctest"; sourceTree = BUILT_PRODUCTS_DIR; };
		50A66AA72986C4F2000CFA27 /* Biometric_Login_Templat_1UITests.swift */ = {isa = PBXFileReference; lastKnownFileType = sourcecode.swift; path = Biometric_Login_Templat_1UITests.swift; sourceTree = "<group>"; };
		50A66AA92986C4F2000CFA27 /* Biometric_Login_Templat_1UITestsLaunchTests.swift */ = {isa = PBXFileReference; lastKnownFileType = sourcecode.swift; path = Biometric_Login_Templat_1UITestsLaunchTests.swift; sourceTree = "<group>"; };
		50A66ABA2986C60A000CFA27 /* LoginViewModel.swift */ = {isa = PBXFileReference; lastKnownFileType = sourcecode.swift; path = LoginViewModel.swift; sourceTree = "<group>"; };
		50A66ABC2986C627000CFA27 /* Credentials.swift */ = {isa = PBXFileReference; lastKnownFileType = sourcecode.swift; path = Credentials.swift; sourceTree = "<group>"; };
		50A66ABE2986C660000CFA27 /* LoginView.swift */ = {isa = PBXFileReference; lastKnownFileType = sourcecode.swift; path = LoginView.swift; sourceTree = "<group>"; };
		50A66AC02986C686000CFA27 /* Authentication.swift */ = {isa = PBXFileReference; lastKnownFileType = sourcecode.swift; path = Authentication.swift; sourceTree = "<group>"; };
		50A66AC22986C6A7000CFA27 /* APIService.swift */ = {isa = PBXFileReference; lastKnownFileType = sourcecode.swift; path = APIService.swift; sourceTree = "<group>"; };
		50A66AC42986C6CD000CFA27 /* UIApplication+Extension.swift */ = {isa = PBXFileReference; lastKnownFileType = sourcecode.swift; path = "UIApplication+Extension.swift"; sourceTree = "<group>"; };
		50A66AC62986C6F1000CFA27 /* KeychainStorage.swift */ = {isa = PBXFileReference; lastKnownFileType = sourcecode.swift; path = KeychainStorage.swift; sourceTree = "<group>"; };
/* End PBXFileReference section */

/* Begin PBXFrameworksBuildPhase section */
		50A66A862986C4F1000CFA27 /* Frameworks */ = {
			isa = PBXFrameworksBuildPhase;
			buildActionMask = 2147483647;
			files = (
				50A66ACE2986C7B2000CFA27 /* SwiftKeychainWrapper in Frameworks */,
			);
			runOnlyForDeploymentPostprocessing = 0;
		};
		50A66A962986C4F2000CFA27 /* Frameworks */ = {
			isa = PBXFrameworksBuildPhase;
			buildActionMask = 2147483647;
			files = (
			);
			runOnlyForDeploymentPostprocessing = 0;
		};
		50A66AA02986C4F2000CFA27 /* Frameworks */ = {
			isa = PBXFrameworksBuildPhase;
			buildActionMask = 2147483647;
			files = (
			);
			runOnlyForDeploymentPostprocessing = 0;
		};
/* End PBXFrameworksBuildPhase section */

/* Begin PBXGroup section */
		50A66A802986C4F1000CFA27 = {
			isa = PBXGroup;
			children = (
				50A66A8C2986C4F1000CFA27 /* Biometric_Login_Templat_1App.swift */,
				50A66A8B2986C4F1000CFA27 /* Biometric Login Templat 1 */,
				50A66A9C2986C4F2000CFA27 /* Biometric Login Templat 1Tests */,
				50A66AA62986C4F2000CFA27 /* Biometric Login Templat 1UITests */,
				50A66A8A2986C4F1000CFA27 /* Products */,
			);
			sourceTree = "<group>";
		};
		50A66A8A2986C4F1000CFA27 /* Products */ = {
			isa = PBXGroup;
			children = (
				50A66A892986C4F1000CFA27 /* Biometric Login Templat 1.app */,
				50A66A992986C4F2000CFA27 /* Biometric Login Templat 1Tests.xctest */,
				50A66AA32986C4F2000CFA27 /* Biometric Login Templat 1UITests.xctest */,
			);
			name = Products;
			sourceTree = "<group>";
		};
		50A66A8B2986C4F1000CFA27 /* Biometric Login Templat 1 */ = {
			isa = PBXGroup;
			children = (
				50A66AB92986C522000CFA27 /* Services */,
				50A66AB82986C518000CFA27 /* Models */,
				50A66AB62986C503000CFA27 /* ViewModel */,
				50A66AB72986C50D000CFA27 /* Views */,
				50A66A902986C4F2000CFA27 /* Assets.xcassets */,
				50A66A922986C4F2000CFA27 /* Preview Content */,
			);
			path = "Biometric Login Templat 1";
			sourceTree = "<group>";
		};
		50A66A922986C4F2000CFA27 /* Preview Content */ = {
			isa = PBXGroup;
			children = (
				50A66A932986C4F2000CFA27 /* Preview Assets.xcassets */,
			);
			path = "Preview Content";
			sourceTree = "<group>";
		};
		50A66A9C2986C4F2000CFA27 /* Biometric Login Templat 1Tests */ = {
			isa = PBXGroup;
			children = (
				50A66A9D2986C4F2000CFA27 /* Biometric_Login_Templat_1Tests.swift */,
			);
			path = "Biometric Login Templat 1Tests";
			sourceTree = "<group>";
		};
		50A66AA62986C4F2000CFA27 /* Biometric Login Templat 1UITests */ = {
			isa = PBXGroup;
			children = (
				50A66AA72986C4F2000CFA27 /* Biometric_Login_Templat_1UITests.swift */,
				50A66AA92986C4F2000CFA27 /* Biometric_Login_Templat_1UITestsLaunchTests.swift */,
			);
			path = "Biometric Login Templat 1UITests";
			sourceTree = "<group>";
		};
		50A66AB62986C503000CFA27 /* ViewModel */ = {
			isa = PBXGroup;
			children = (
				50A66ABA2986C60A000CFA27 /* LoginViewModel.swift */,
			);
			path = ViewModel;
			sourceTree = "<group>";
		};
		50A66AB72986C50D000CFA27 /* Views */ = {
			isa = PBXGroup;
			children = (
				50A66A8E2986C4F1000CFA27 /* ContentView.swift */,
				50A66ABE2986C660000CFA27 /* LoginView.swift */,
			);
			path = Views;
			sourceTree = "<group>";
		};
		50A66AB82986C518000CFA27 /* Models */ = {
			isa = PBXGroup;
			children = (
				50A66ABC2986C627000CFA27 /* Credentials.swift */,
			);
			path = Models;
			sourceTree = "<group>";
		};
		50A66AB92986C522000CFA27 /* Services */ = {
			isa = PBXGroup;
			children = (
				50A66AC02986C686000CFA27 /* Authentication.swift */,
				50A66AC22986C6A7000CFA27 /* APIService.swift */,
				50A66AC42986C6CD000CFA27 /* UIApplication+Extension.swift */,
				50A66AC62986C6F1000CFA27 /* KeychainStorage.swift */,
			);
			path = Services;
			sourceTree = "<group>";
		};
/* End PBXGroup section */

/* Begin PBXNativeTarget section */
		50A66A882986C4F1000CFA27 /* Biometric Login Templat 1 */ = {
			isa = PBXNativeTarget;
			buildConfigurationList = 50A66AAD2986C4F2000CFA27 /* Build configuration list for PBXNativeTarget "Biometric Login Templat 1" */;
			buildPhases = (
				50A66A852986C4F1000CFA27 /* Sources */,
				50A66A862986C4F1000CFA27 /* Frameworks */,
				50A66A872986C4F1000CFA27 /* Resources */,
			);
			buildRules = (
			);
			dependencies = (
			);
			name = "Biometric Login Templat 1";
			packageProductDependencies = (
				50A66ACD2986C7B2000CFA27 /* SwiftKeychainWrapper */,
			);
			productName = "Biometric Login Templat 1";
			productReference = 50A66A892986C4F1000CFA27 /* Biometric Login Templat 1.app */;
			productType = "com.apple.product-type.application";
		};
		50A66A982986C4F2000CFA27 /* Biometric Login Templat 1Tests */ = {
			isa = PBXNativeTarget;
			buildConfigurationList = 50A66AB02986C4F2000CFA27 /* Build configuration list for PBXNativeTarget "Biometric Login Templat 1Tests" */;
			buildPhases = (
				50A66A952986C4F2000CFA27 /* Sources */,
				50A66A962986C4F2000CFA27 /* Frameworks */,
				50A66A972986C4F2000CFA27 /* Resources */,
			);
			buildRules = (
			);
			dependencies = (
				50A66A9B2986C4F2000CFA27 /* PBXTargetDependency */,
			);
			name = "Biometric Login Templat 1Tests";
			productName = "Biometric Login Templat 1Tests";
			productReference = 50A66A992986C4F2000CFA27 /* Biometric Login Templat 1Tests.xctest */;
			productType = "com.apple.product-type.bundle.unit-test";
		};
		50A66AA22986C4F2000CFA27 /* Biometric Login Templat 1UITests */ = {
			isa = PBXNativeTarget;
			buildConfigurationList = 50A66AB32986C4F2000CFA27 /* Build configuration list for PBXNativeTarget "Biometric Login Templat 1UITests" */;
			buildPhases = (
				50A66A9F2986C4F2000CFA27 /* Sources */,
				50A66AA02986C4F2000CFA27 /* Frameworks */,
				50A66AA12986C4F2000CFA27 /* Resources */,
			);
			buildRules = (
			);
			dependencies = (
				50A66AA52986C4F2000CFA27 /* PBXTargetDependency */,
			);
			name = "Biometric Login Templat 1UITests";
			productName = "Biometric Login Templat 1UITests";
			productReference = 50A66AA32986C4F2000CFA27 /* Biometric Login Templat 1UITests.xctest */;
			productType = "com.apple.product-type.bundle.ui-testing";
		};
/* End PBXNativeTarget section */

/* Begin PBXProject section */
		50A66A812986C4F1000CFA27 /* Project object */ = {
			isa = PBXProject;
			attributes = {
				BuildIndependentTargetsInParallel = 1;
				LastSwiftUpdateCheck = 1420;
				LastUpgradeCheck = 1420;
				TargetAttributes = {
					50A66A882986C4F1000CFA27 = {
						CreatedOnToolsVersion = 14.2;
					};
					50A66A982986C4F2000CFA27 = {
						CreatedOnToolsVersion = 14.2;
						TestTargetID = 50A66A882986C4F1000CFA27;
					};
					50A66AA22986C4F2000CFA27 = {
						CreatedOnToolsVersion = 14.2;
						TestTargetID = 50A66A882986C4F1000CFA27;
					};
				};
			};
			buildConfigurationList = 50A66A842986C4F1000CFA27 /* Build configuration list for PBXProject "Biometric Login Templat 1" */;
			compatibilityVersion = "Xcode 14.0";
			developmentRegion = en;
			hasScannedForEncodings = 0;
			knownRegions = (
				en,
				Base,
			);
			mainGroup = 50A66A802986C4F1000CFA27;
			packageReferences = (
				50A66ACC2986C7B2000CFA27 /* XCRemoteSwiftPackageReference "SwiftKeychainWrapper" */,
			);
			productRefGroup = 50A66A8A2986C4F1000CFA27 /* Products */;
			projectDirPath = "";
			projectRoot = "";
			targets = (
				50A66A882986C4F1000CFA27 /* Biometric Login Templat 1 */,
				50A66A982986C4F2000CFA27 /* Biometric Login Templat 1Tests */,
				50A66AA22986C4F2000CFA27 /* Biometric Login Templat 1UITests */,
			);
		};
/* End PBXProject section */

/* Begin PBXResourcesBuildPhase section */
		50A66A872986C4F1000CFA27 /* Resources */ = {
			isa = PBXResourcesBuildPhase;
			buildActionMask = 2147483647;
			files = (
				50A66A942986C4F2000CFA27 /* Preview Assets.xcassets in Resources */,
				50A66A912986C4F2000CFA27 /* Assets.xcassets in Resources */,
			);
			runOnlyForDeploymentPostprocessing = 0;
		};
		50A66A972986C4F2000CFA27 /* Resources */ = {
			isa = PBXResourcesBuildPhase;
			buildActionMask = 2147483647;
			files = (
			);
			runOnlyForDeploymentPostprocessing = 0;
		};
		50A66AA12986C4F2000CFA27 /* Resources */ = {
			isa = PBXResourcesBuildPhase;
			buildActionMask = 2147483647;
			files = (
			);
			runOnlyForDeploymentPostprocessing = 0;
		};
/* End PBXResourcesBuildPhase section */

/* Begin PBXSourcesBuildPhase section */
		50A66A852986C4F1000CFA27 /* Sources */ = {
			isa = PBXSourcesBuildPhase;
			buildActionMask = 2147483647;
			files = (
				50A66A8F2986C4F1000CFA27 /* ContentView.swift in Sources */,
				50A66AC32986C6A7000CFA27 /* APIService.swift in Sources */,
				50A66AC52986C6CD000CFA27 /* UIApplication+Extension.swift in Sources */,
				50A66A8D2986C4F1000CFA27 /* Biometric_Login_Templat_1App.swift in Sources */,
				50A66ABD2986C627000CFA27 /* Credentials.swift in Sources */,
				50A66ABF2986C660000CFA27 /* LoginView.swift in Sources */,
				50A66ABB2986C60A000CFA27 /* LoginViewModel.swift in Sources */,
				50A66AC12986C686000CFA27 /* Authentication.swift in Sources */,
				50A66AC72986C6F1000CFA27 /* KeychainStorage.swift in Sources */,
			);
			runOnlyForDeploymentPostprocessing = 0;
		};
		50A66A952986C4F2000CFA27 /* Sources */ = {
			isa = PBXSourcesBuildPhase;
			buildActionMask = 2147483647;
			files = (
				50A66A9E2986C4F2000CFA27 /* Biometric_Login_Templat_1Tests.swift in Sources */,
			);
			runOnlyForDeploymentPostprocessing = 0;
		};
		50A66A9F2986C4F2000CFA27 /* Sources */ = {
			isa = PBXSourcesBuildPhase;
			buildActionMask = 2147483647;
			files = (
				50A66AA82986C4F2000CFA27 /* Biometric_Login_Templat_1UITests.swift in Sources */,
				50A66AAA2986C4F2000CFA27 /* Biometric_Login_Templat_1UITestsLaunchTests.swift in Sources */,
			);
			runOnlyForDeploymentPostprocessing = 0;
		};
/* End PBXSourcesBuildPhase section */

/* Begin PBXTargetDependency section */
		50A66A9B2986C4F2000CFA27 /* PBXTargetDependency */ = {
			isa = PBXTargetDependency;
			target = 50A66A882986C4F1000CFA27 /* Biometric Login Templat 1 */;
			targetProxy = 50A66A9A2986C4F2000CFA27 /* PBXContainerItemProxy */;
		};
		50A66AA52986C4F2000CFA27 /* PBXTargetDependency */ = {
			isa = PBXTargetDependency;
			target = 50A66A882986C4F1000CFA27 /* Biometric Login Templat 1 */;
			targetProxy = 50A66AA42986C4F2000CFA27 /* PBXContainerItemProxy */;
		};
/* End PBXTargetDependency section */

/* Begin XCBuildConfiguration section */
		50A66AAB2986C4F2000CFA27 /* Debug */ = {
			isa = XCBuildConfiguration;
			buildSettings = {
				ALWAYS_SEARCH_USER_PATHS = NO;
				CLANG_ANALYZER_NONNULL = YES;
				CLANG_ANALYZER_NUMBER_OBJECT_CONVERSION = YES_AGGRESSIVE;
				CLANG_CXX_LANGUAGE_STANDARD = "gnu++20";
				CLANG_ENABLE_MODULES = YES;
				CLANG_ENABLE_OBJC_ARC = YES;
				CLANG_ENABLE_OBJC_WEAK = YES;
				CLANG_WARN_BLOCK_CAPTURE_AUTORELEASING = YES;
				CLANG_WARN_BOOL_CONVERSION = YES;
				CLANG_WARN_COMMA = YES;
				CLANG_WARN_CONSTANT_CONVERSION = YES;
				CLANG_WARN_DEPRECATED_OBJC_IMPLEMENTATIONS = YES;
				CLANG_WARN_DIRECT_OBJC_ISA_USAGE = YES_ERROR;
				CLANG_WARN_DOCUMENTATION_COMMENTS = YES;
				CLANG_WARN_EMPTY_BODY = YES;
				CLANG_WARN_ENUM_CONVERSION = YES;
				CLANG_WARN_INFINITE_RECURSION = YES;
				CLANG_WARN_INT_CONVERSION = YES;
				CLANG_WARN_NON_LITERAL_NULL_CONVERSION = YES;
				CLANG_WARN_OBJC_IMPLICIT_RETAIN_SELF = YES;
				CLANG_WARN_OBJC_LITERAL_CONVERSION = YES;
				CLANG_WARN_OBJC_ROOT_CLASS = YES_ERROR;
				CLANG_WARN_QUOTED_INCLUDE_IN_FRAMEWORK_HEADER = YES;
				CLANG_WARN_RANGE_LOOP_ANALYSIS = YES;
				CLANG_WARN_STRICT_PROTOTYPES = YES;
				CLANG_WARN_SUSPICIOUS_MOVE = YES;
				CLANG_WARN_UNGUARDED_AVAILABILITY = YES_AGGRESSIVE;
				CLANG_WARN_UNREACHABLE_CODE = YES;
				CLANG_WARN__DUPLICATE_METHOD_MATCH = YES;
				COPY_PHASE_STRIP = NO;
				DEBUG_INFORMATION_FORMAT = dwarf;
				ENABLE_STRICT_OBJC_MSGSEND = YES;
				ENABLE_TESTABILITY = YES;
				GCC_C_LANGUAGE_STANDARD = gnu11;
				GCC_DYNAMIC_NO_PIC = NO;
				GCC_NO_COMMON_BLOCKS = YES;
				GCC_OPTIMIZATION_LEVEL = 0;
				GCC_PREPROCESSOR_DEFINITIONS = (
					"DEBUG=1",
					"$(inherited)",
				);
				GCC_WARN_64_TO_32_BIT_CONVERSION = YES;
				GCC_WARN_ABOUT_RETURN_TYPE = YES_ERROR;
				GCC_WARN_UNDECLARED_SELECTOR = YES;
				GCC_WARN_UNINITIALIZED_AUTOS = YES_AGGRESSIVE;
				GCC_WARN_UNUSED_FUNCTION = YES;
				GCC_WARN_UNUSED_VARIABLE = YES;
				IPHONEOS_DEPLOYMENT_TARGET = 16.2;
				MTL_ENABLE_DEBUG_INFO = INCLUDE_SOURCE;
				MTL_FAST_MATH = YES;
				ONLY_ACTIVE_ARCH = YES;
				SDKROOT = iphoneos;
				SWIFT_ACTIVE_COMPILATION_CONDITIONS = DEBUG;
				SWIFT_OPTIMIZATION_LEVEL = "-Onone";
			};
			name = Debug;
		};
		50A66AAC2986C4F2000CFA27 /* Release */ = {
			isa = XCBuildConfiguration;
			buildSettings = {
				ALWAYS_SEARCH_USER_PATHS = NO;
				CLANG_ANALYZER_NONNULL = YES;
				CLANG_ANALYZER_NUMBER_OBJECT_CONVERSION = YES_AGGRESSIVE;
				CLANG_CXX_LANGUAGE_STANDARD = "gnu++20";
				CLANG_ENABLE_MODULES = YES;
				CLANG_ENABLE_OBJC_ARC = YES;
				CLANG_ENABLE_OBJC_WEAK = YES;
				CLANG_WARN_BLOCK_CAPTURE_AUTORELEASING = YES;
				CLANG_WARN_BOOL_CONVERSION = YES;
				CLANG_WARN_COMMA = YES;
				CLANG_WARN_CONSTANT_CONVERSION = YES;
				CLANG_WARN_DEPRECATED_OBJC_IMPLEMENTATIONS = YES;
				CLANG_WARN_DIRECT_OBJC_ISA_USAGE = YES_ERROR;
				CLANG_WARN_DOCUMENTATION_COMMENTS = YES;
				CLANG_WARN_EMPTY_BODY = YES;
				CLANG_WARN_ENUM_CONVERSION = YES;
				CLANG_WARN_INFINITE_RECURSION = YES;
				CLANG_WARN_INT_CONVERSION = YES;
				CLANG_WARN_NON_LITERAL_NULL_CONVERSION = YES;
				CLANG_WARN_OBJC_IMPLICIT_RETAIN_SELF = YES;
				CLANG_WARN_OBJC_LITERAL_CONVERSION = YES;
				CLANG_WARN_OBJC_ROOT_CLASS = YES_ERROR;
				CLANG_WARN_QUOTED_INCLUDE_IN_FRAMEWORK_HEADER = YES;
				CLANG_WARN_RANGE_LOOP_ANALYSIS = YES;
				CLANG_WARN_STRICT_PROTOTYPES = YES;
				CLANG_WARN_SUSPICIOUS_MOVE = YES;
				CLANG_WARN_UNGUARDED_AVAILABILITY = YES_AGGRESSIVE;
				CLANG_WARN_UNREACHABLE_CODE = YES;
				CLANG_WARN__DUPLICATE_METHOD_MATCH = YES;
				COPY_PHASE_STRIP = NO;
				DEBUG_INFORMATION_FORMAT = "dwarf-with-dsym";
				ENABLE_NS_ASSERTIONS = NO;
				ENABLE_STRICT_OBJC_MSGSEND = YES;
				GCC_C_LANGUAGE_STANDARD = gnu11;
				GCC_NO_COMMON_BLOCKS = YES;
				GCC_WARN_64_TO_32_BIT_CONVERSION = YES;
				GCC_WARN_ABOUT_RETURN_TYPE = YES_ERROR;
				GCC_WARN_UNDECLARED_SELECTOR = YES;
				GCC_WARN_UNINITIALIZED_AUTOS = YES_AGGRESSIVE;
				GCC_WARN_UNUSED_FUNCTION = YES;
				GCC_WARN_UNUSED_VARIABLE = YES;
				IPHONEOS_DEPLOYMENT_TARGET = 16.2;
				MTL_ENABLE_DEBUG_INFO = NO;
				MTL_FAST_MATH = YES;
				SDKROOT = iphoneos;
				SWIFT_COMPILATION_MODE = wholemodule;
				SWIFT_OPTIMIZATION_LEVEL = "-O";
				VALIDATE_PRODUCT = YES;
			};
			name = Release;
		};
		50A66AAE2986C4F2000CFA27 /* Debug */ = {
			isa = XCBuildConfiguration;
			buildSettings = {
				ASSETCATALOG_COMPILER_APPICON_NAME = AppIcon;
				ASSETCATALOG_COMPILER_GLOBAL_ACCENT_COLOR_NAME = AccentColor;
				CODE_SIGN_STYLE = Automatic;
				CURRENT_PROJECT_VERSION = 1;
				DEVELOPMENT_ASSET_PATHS = "\"Biometric Login Templat 1/Preview Content\"";
				DEVELOPMENT_TEAM = W59W3QVKXJ;
				ENABLE_PREVIEWS = YES;
				GENERATE_INFOPLIST_FILE = YES;
				INFOPLIST_KEY_NSFaceIDUsageDescription = "We need to unlock your credentials";
				INFOPLIST_KEY_UIApplicationSceneManifest_Generation = YES;
				INFOPLIST_KEY_UIApplicationSupportsIndirectInputEvents = YES;
				INFOPLIST_KEY_UILaunchScreen_Generation = YES;
				INFOPLIST_KEY_UISupportedInterfaceOrientations_iPad = "UIInterfaceOrientationPortrait UIInterfaceOrientationPortraitUpsideDown UIInterfaceOrientationLandscapeLeft UIInterfaceOrientationLandscapeRight";
				INFOPLIST_KEY_UISupportedInterfaceOrientations_iPhone = "UIInterfaceOrientationPortrait UIInterfaceOrientationLandscapeLeft UIInterfaceOrientationLandscapeRight";
				LD_RUNPATH_SEARCH_PATHS = (
					"$(inherited)",
					"@executable_path/Frameworks",
				);
				MARKETING_VERSION = 1.0;
				PRODUCT_BUNDLE_IDENTIFIER = "com.mtndev.Biometric-Login-Templat-1";
				PRODUCT_NAME = "$(TARGET_NAME)";
				SWIFT_EMIT_LOC_STRINGS = YES;
				SWIFT_VERSION = 5.0;
				TARGETED_DEVICE_FAMILY = "1,2";
			};
			name = Debug;
		};
		50A66AAF2986C4F2000CFA27 /* Release */ = {
			isa = XCBuildConfiguration;
			buildSettings = {
				ASSETCATALOG_COMPILER_APPICON_NAME = AppIcon;
				ASSETCATALOG_COMPILER_GLOBAL_ACCENT_COLOR_NAME = AccentColor;
				CODE_SIGN_STYLE = Automatic;
				CURRENT_PROJECT_VERSION = 1;
				DEVELOPMENT_ASSET_PATHS = "\"Biometric Login Templat 1/Preview Content\"";
				DEVELOPMENT_TEAM = W59W3QVKXJ;
				ENABLE_PREVIEWS = YES;
				GENERATE_INFOPLIST_FILE = YES;
				INFOPLIST_KEY_NSFaceIDUsageDescription = "We need to unlock your credentials";
				INFOPLIST_KEY_UIApplicationSceneManifest_Generation = YES;
				INFOPLIST_KEY_UIApplicationSupportsIndirectInputEvents = YES;
				INFOPLIST_KEY_UILaunchScreen_Generation = YES;
				INFOPLIST_KEY_UISupportedInterfaceOrientations_iPad = "UIInterfaceOrientationPortrait UIInterfaceOrientationPortraitUpsideDown UIInterfaceOrientationLandscapeLeft UIInterfaceOrientationLandscapeRight";
				INFOPLIST_KEY_UISupportedInterfaceOrientations_iPhone = "UIInterfaceOrientationPortrait UIInterfaceOrientationLandscapeLeft UIInterfaceOrientationLandscapeRight";
				LD_RUNPATH_SEARCH_PATHS = (
					"$(inherited)",
					"@executable_path/Frameworks",
				);
				MARKETING_VERSION = 1.0;
				PRODUCT_BUNDLE_IDENTIFIER = "com.mtndev.Biometric-Login-Templat-1";
				PRODUCT_NAME = "$(TARGET_NAME)";
				SWIFT_EMIT_LOC_STRINGS = YES;
				SWIFT_VERSION = 5.0;
				TARGETED_DEVICE_FAMILY = "1,2";
			};
			name = Release;
		};
		50A66AB12986C4F2000CFA27 /* Debug */ = {
			isa = XCBuildConfiguration;
			buildSettings = {
				ALWAYS_EMBED_SWIFT_STANDARD_LIBRARIES = YES;
				BUNDLE_LOADER = "$(TEST_HOST)";
				CODE_SIGN_STYLE = Automatic;
				CURRENT_PROJECT_VERSION = 1;
				DEVELOPMENT_TEAM = W59W3QVKXJ;
				GENERATE_INFOPLIST_FILE = YES;
				IPHONEOS_DEPLOYMENT_TARGET = 16.2;
				MARKETING_VERSION = 1.0;
				PRODUCT_BUNDLE_IDENTIFIER = "com.mtndev.Biometric-Login-Templat-1Tests";
				PRODUCT_NAME = "$(TARGET_NAME)";
				SWIFT_EMIT_LOC_STRINGS = NO;
				SWIFT_VERSION = 5.0;
				TARGETED_DEVICE_FAMILY = "1,2";
				TEST_HOST = "$(BUILT_PRODUCTS_DIR)/Biometric Login Templat 1.app/$(BUNDLE_EXECUTABLE_FOLDER_PATH)/Biometric Login Templat 1";
			};
			name = Debug;
		};
		50A66AB22986C4F2000CFA27 /* Release */ = {
			isa = XCBuildConfiguration;
			buildSettings = {
				ALWAYS_EMBED_SWIFT_STANDARD_LIBRARIES = YES;
				BUNDLE_LOADER = "$(TEST_HOST)";
				CODE_SIGN_STYLE = Automatic;
				CURRENT_PROJECT_VERSION = 1;
				DEVELOPMENT_TEAM = W59W3QVKXJ;
				GENERATE_INFOPLIST_FILE = YES;
				IPHONEOS_DEPLOYMENT_TARGET = 16.2;
				MARKETING_VERSION = 1.0;
				PRODUCT_BUNDLE_IDENTIFIER = "com.mtndev.Biometric-Login-Templat-1Tests";
				PRODUCT_NAME = "$(TARGET_NAME)";
				SWIFT_EMIT_LOC_STRINGS = NO;
				SWIFT_VERSION = 5.0;
				TARGETED_DEVICE_FAMILY = "1,2";
				TEST_HOST = "$(BUILT_PRODUCTS_DIR)/Biometric Login Templat 1.app/$(BUNDLE_EXECUTABLE_FOLDER_PATH)/Biometric Login Templat 1";
			};
			name = Release;
		};
		50A66AB42986C4F2000CFA27 /* Debug */ = {
			isa = XCBuildConfiguration;
			buildSettings = {
				ALWAYS_EMBED_SWIFT_STANDARD_LIBRARIES = YES;
				CODE_SIGN_STYLE = Automatic;
				CURRENT_PROJECT_VERSION = 1;
				DEVELOPMENT_TEAM = W59W3QVKXJ;
				GENERATE_INFOPLIST_FILE = YES;
				MARKETING_VERSION = 1.0;
				PRODUCT_BUNDLE_IDENTIFIER = "com.mtndev.Biometric-Login-Templat-1UITests";
				PRODUCT_NAME = "$(TARGET_NAME)";
				SWIFT_EMIT_LOC_STRINGS = NO;
				SWIFT_VERSION = 5.0;
				TARGETED_DEVICE_FAMILY = "1,2";
				TEST_TARGET_NAME = "Biometric Login Templat 1";
			};
			name = Debug;
		};
		50A66AB52986C4F2000CFA27 /* Release */ = {
			isa = XCBuildConfiguration;
			buildSettings = {
				ALWAYS_EMBED_SWIFT_STANDARD_LIBRARIES = YES;
				CODE_SIGN_STYLE = Automatic;
				CURRENT_PROJECT_VERSION = 1;
				DEVELOPMENT_TEAM = W59W3QVKXJ;
				GENERATE_INFOPLIST_FILE = YES;
				MARKETING_VERSION = 1.0;
				PRODUCT_BUNDLE_IDENTIFIER = "com.mtndev.Biometric-Login-Templat-1UITests";
				PRODUCT_NAME = "$(TARGET_NAME)";
				SWIFT_EMIT_LOC_STRINGS = NO;
				SWIFT_VERSION = 5.0;
				TARGETED_DEVICE_FAMILY = "1,2";
				TEST_TARGET_NAME = "Biometric Login Templat 1";
			};
			name = Release;
		};
/* End XCBuildConfiguration section */

/* Begin XCConfigurationList section */
		50A66A842986C4F1000CFA27 /* Build configuration list for PBXProject "Biometric Login Templat 1" */ = {
			isa = XCConfigurationList;
			buildConfigurations = (
				50A66AAB2986C4F2000CFA27 /* Debug */,
				50A66AAC2986C4F2000CFA27 /* Release */,
			);
			defaultConfigurationIsVisible = 0;
			defaultConfigurationName = Release;
		};
		50A66AAD2986C4F2000CFA27 /* Build configuration list for PBXNativeTarget "Biometric Login Templat 1" */ = {
			isa = XCConfigurationList;
			buildConfigurations = (
				50A66AAE2986C4F2000CFA27 /* Debug */,
				50A66AAF2986C4F2000CFA27 /* Release */,
			);
			defaultConfigurationIsVisible = 0;
			defaultConfigurationName = Release;
		};
		50A66AB02986C4F2000CFA27 /* Build configuration list for PBXNativeTarget "Biometric Login Templat 1Tests" */ = {
			isa = XCConfigurationList;
			buildConfigurations = (
				50A66AB12986C4F2000CFA27 /* Debug */,
				50A66AB22986C4F2000CFA27 /* Release */,
			);
			defaultConfigurationIsVisible = 0;
			defaultConfigurationName = Release;
		};
		50A66AB32986C4F2000CFA27 /* Build configuration list for PBXNativeTarget "Biometric Login Templat 1UITests" */ = {
			isa = XCConfigurationList;
			buildConfigurations = (
				50A66AB42986C4F2000CFA27 /* Debug */,
				50A66AB52986C4F2000CFA27 /* Release */,
			);
			defaultConfigurationIsVisible = 0;
			defaultConfigurationName = Release;
		};
/* End XCConfigurationList section */

/* Begin XCRemoteSwiftPackageReference section */
		50A66ACC2986C7B2000CFA27 /* XCRemoteSwiftPackageReference "SwiftKeychainWrapper" */ = {
			isa = XCRemoteSwiftPackageReference;
			repositoryURL = "https://github.com/jrendel/SwiftKeychainWrapper";
			requirement = {
				branch = develop;
				kind = branch;
			};
		};
/* End XCRemoteSwiftPackageReference section */

/* Begin XCSwiftPackageProductDependency section */
		50A66ACD2986C7B2000CFA27 /* SwiftKeychainWrapper */ = {
			isa = XCSwiftPackageProductDependency;
			package = 50A66ACC2986C7B2000CFA27 /* XCRemoteSwiftPackageReference "SwiftKeychainWrapper" */;
			productName = SwiftKeychainWrapper;
		};
/* End XCSwiftPackageProductDependency section */
	};
	rootObject = 50A66A812986C4F1000CFA27 /* Project object */;
}
